
Microsoft Visual Studio Solution File, Format Version 12.00
# Visual Studio Version 17
VisualStudioVersion = 17.2.32602.215
MinimumVisualStudioVersion = 10.0.40219.1
Project("{FAE04EC0-301F-11D3-BF4B-00C04F79EFBC}") = "StimulsoftMvcSample", "StimulsoftMvcSample\StimulsoftMvcSample.csproj", "{B9599250-B05E-4557-9EF9-970000332F1A}"
EndProject
Global
	GlobalSection(SolutionConfigurationPlatforms) = preSolution
		Debug|Any CPU = Debug|Any CPU
		Release|Any CPU = Release|Any CPU
	EndGlobalSection
	GlobalSection(ProjectConfigurationPlatforms) = postSolution
		{B9599250-B05E-4557-9EF9-970000332F1A}.Debug|Any CPU.ActiveCfg = Debug|Any CPU
		{B9599250-B05E-4557-9EF9-970000332F1A}.Debug|Any CPU.Build.0 = Debug|Any CPU
		{B9599250-B05E-4557-9EF9-970000332F1A}.Release|Any CPU.ActiveCfg = Release|Any CPU
		{B9599250-B05E-4557-9EF9-970000332F1A}.Release|Any CPU.Build.0 = Release|Any CPU
	EndGlobalSection
	GlobalSection(SolutionProperties) = preSolution
		HideSolutionNode = FALSE
	EndGlobalSection
	GlobalSection(ExtensibilityGlobals) = postSolution
		SolutionGuid = {C8F3BB8F-C004-41D7-A718-5A90F35A9858}
	EndGlobalSection
EndGlobal
